github.com/go-logfmt/logfmt v0.6.1 h1:4hvbpePJKnIzH1B+8OR/JPbTx37NktoI9LE2QZBBkvE=
github.com/go-logfmt/logfmt v0.6.1/go.mod h1:EV2pOAQoZaT1ZXZbqDl5hrymndi4SY9ED9/z6CO0XAk=
github.com/satyrius/gonx v1.4.0 h1:F3uxif5Yx6FBzdQAh79bHQK6CTJugOcN0w0Z8azQuQg=
github.com/satyrius/gonx v1.4.0/go.mod h1:+r8KNe5d2tjkZU+DfhERo0G6KxkGih+1qYF6tqLHwvk=
